
Microsoft Visual Studio Solution File, Format Version 12.00
# Visual Studio Version 17
VisualStudioVersion = 17.6.33815.320
MinimumVisualStudioVersion = 10.0.40219.1
Project("{FAE04EC0-301F-11D3-BF4B-00C04F79EFBC}") = "LibraryScuffFold", "LibraryScuffFold\LibraryScuffFold.csproj", "{774D3798-EB4A-4469-B282-E9F34560E900}"
EndProject
Global
	GlobalSection(SolutionConfigurationPlatforms) = preSolution
		Debug|Any CPU = Debug|Any CPU
		Release|Any CPU = Release|Any CPU
	EndGlobalSection
	GlobalSection(ProjectConfigurationPlatforms) = postSolution
		{774D3798-EB4A-4469-B282-E9F34560E900}.Debug|Any CPU.ActiveCfg = Debug|Any CPU
		{774D3798-EB4A-4469-B282-E9F34560E900}.Debug|Any CPU.Build.0 = Debug|Any CPU
		{774D3798-EB4A-4469-B282-E9F34560E900}.Release|Any CPU.ActiveCfg = Release|Any CPU
		{774D3798-EB4A-4469-B282-E9F34560E900}.Release|Any CPU.Build.0 = Release|Any CPU
	EndGlobalSection
	GlobalSection(SolutionProperties) = preSolution
		HideSolutionNode = FALSE
	EndGlobalSection
	GlobalSection(ExtensibilityGlobals) = postSolution
		SolutionGuid = {CB0D0426-83C4-43A5-B460-B94D7B19B275}
	EndGlobalSection
EndGlobal
